
Microsoft Visual Studio Solution File, Format Version 12.00
# Visual Studio Version 17
VisualStudioVersion = 17.4.33205.214
MinimumVisualStudioVersion = 10.0.40219.1
Project("{9A19103F-16F7-4668-BE54-9A1E7A4F7556}") = "ConsoleUI", "ConsoleUI\ConsoleUI.csproj", "{2071D45C-4C51-4C93-A4D8-26A57ADCDCE6}"
EndProject
Project("{FAE04EC0-301F-11D3-BF4B-00C04F79EFBC}") = "XmlLibrary", "XmlLibrary\XmlLibrary.csproj", "{79312F39-4751-4E0C-8A28-6ED09B067510}"
EndProject
Global
	GlobalSection(SolutionConfigurationPlatforms) = preSolution
		Debug|Any CPU = Debug|Any CPU
		Release|Any CPU = Release|Any CPU
	EndGlobalSection
	GlobalSection(ProjectConfigurationPlatforms) = postSolution
		{2071D45C-4C51-4C93-A4D8-26A57ADCDCE6}.Debug|Any CPU.ActiveCfg = Debug|Any CPU
		{2071D45C-4C51-4C93-A4D8-26A57ADCDCE6}.Debug|Any CPU.Build.0 = Debug|Any CPU
		{2071D45C-4C51-4C93-A4D8-26A57ADCDCE6}.Release|Any CPU.ActiveCfg = Release|Any CPU
		{2071D45C-4C51-4C93-A4D8-26A57ADCDCE6}.Release|Any CPU.Build.0 = Release|Any CPU
		{79312F39-4751-4E0C-8A28-6ED09B067510}.Debug|Any CPU.ActiveCfg = Debug|Any CPU
		{79312F39-4751-4E0C-8A28-6ED09B067510}.Debug|Any CPU.Build.0 = Debug|Any CPU
		{79312F39-4751-4E0C-8A28-6ED09B067510}.Release|Any CPU.ActiveCfg = Release|Any CPU
		{79312F39-4751-4E0C-8A28-6ED09B067510}.Release|Any CPU.Build.0 = Release|Any CPU
	EndGlobalSection
	GlobalSection(SolutionProperties) = preSolution
		HideSolutionNode = FALSE
	EndGlobalSection
	GlobalSection(ExtensibilityGlobals) = postSolution
		SolutionGuid = {148CBBC3-293D-41ED-8DDA-1BAB0571C6A2}
	EndGlobalSection
EndGlobal
